// !$*UTF8*$!
{
	archiveVersion = 1;
	classes = {
	};
	objectVersion = 56;
	objects = {

/* Begin PBXBuildFile section */
		7B11DC682BC58AD40055D423 /* AppDelegate.swift in Sources */ = {isa = PBXBuildFile; fileRef = 7B11DC672BC58AD40055D423 /* AppDelegate.swift */; };
		7B11DC6A2BC58AD40055D423 /* SceneDelegate.swift in Sources */ = {isa = PBXBuildFile; fileRef = 7B11DC692BC58AD40055D423 /* SceneDelegate.swift */; };
		7B11DC712BC58AD60055D423 /* Assets.xcassets in Resources */ = {isa = PBXBuildFile; fileRef = 7B11DC702BC58AD60055D423 /* Assets.xcassets */; };
		7B11DC742BC58AD60055D423 /* Base in Resources */ = {isa = PBXBuildFile; fileRef = 7B11DC732BC58AD60055D423 /* Base */; };
		7B11DC812BC58B740055D423 /* TestViewController.swift in Sources */ = {isa = PBXBuildFile; fileRef = 7B11DC802BC58B740055D423 /* TestViewController.swift */; };
		7B11DC852BC58CB90055D423 /* NetWorkModel.swift in Sources */ = {isa = PBXBuildFile; fileRef = 7B11DC842BC58CB90055D423 /* NetWorkModel.swift */; };
		7B11DC882BC58CF20055D423 /* Alamofire in Frameworks */ = {isa = PBXBuildFile; productRef = 7B11DC872BC58CF20055D423 /* Alamofire */; };
		7B11DC8B2BC58D250055D423 /* RxCocoa in Frameworks */ = {isa = PBXBuildFile; productRef = 7B11DC8A2BC58D250055D423 /* RxCocoa */; };
		7B11DC8D2BC58D250055D423 /* RxRelay in Frameworks */ = {isa = PBXBuildFile; productRef = 7B11DC8C2BC58D250055D423 /* RxRelay */; };
		7B11DC8F2BC58D250055D423 /* RxSwift in Frameworks */ = {isa = PBXBuildFile; productRef = 7B11DC8E2BC58D250055D423 /* RxSwift */; };
		7B11DC922BC58D2F0055D423 /* Kingfisher in Frameworks */ = {isa = PBXBuildFile; productRef = 7B11DC912BC58D2F0055D423 /* Kingfisher */; };
		7B11DC952BC58D390055D423 /* Then in Frameworks */ = {isa = PBXBuildFile; productRef = 7B11DC942BC58D390055D423 /* Then */; };
		7B11DC982BC58D640055D423 /* SnapKit in Frameworks */ = {isa = PBXBuildFile; productRef = 7B11DC972BC58D640055D423 /* SnapKit */; };
		7B11DC9B2BC58DA40055D423 /* IQKeyboardManagerSwift in Frameworks */ = {isa = PBXBuildFile; productRef = 7B11DC9A2BC58DA40055D423 /* IQKeyboardManagerSwift */; };
		7B11DCA12BC58F620055D423 /* .gitignore in Resources */ = {isa = PBXBuildFile; fileRef = 7B11DCA02BC58F620055D423 /* .gitignore */; };
		7B11DCA32BC58FB60055D423 /* APIKey.swift in Sources */ = {isa = PBXBuildFile; fileRef = 7B11DCA22BC58FB60055D423 /* APIKey.swift */; };
		7B11DCA52BC5902A0055D423 /* NetworkRouter.swift in Sources */ = {isa = PBXBuildFile; fileRef = 7B11DCA42BC5902A0055D423 /* NetworkRouter.swift */; };
		7B11DCA72BC590510055D423 /* NetWorkQuery.swift in Sources */ = {isa = PBXBuildFile; fileRef = 7B11DCA62BC590510055D423 /* NetWorkQuery.swift */; };
		7B11DCAB2BC591070055D423 /* TargetType.swift in Sources */ = {isa = PBXBuildFile; fileRef = 7B11DCAA2BC591070055D423 /* TargetType.swift */; };
		7BCF4A282BC5976100BCE635 /* NetHTTPHeader.swift in Sources */ = {isa = PBXBuildFile; fileRef = 7BCF4A272BC5976100BCE635 /* NetHTTPHeader.swift */; };
/* End PBXBuildFile section */

/* Begin PBXFileReference section */
		7B11DC642BC58AD40055D423 /* CategoryZ.app */ = {isa = PBXFileReference; explicitFileType = wrapper.application; includeInIndex = 0; path = CategoryZ.app; sourceTree = BUILT_PRODUCTS_DIR; };
		7B11DC672BC58AD40055D423 /* AppDelegate.swift */ = {isa = PBXFileReference; lastKnownFileType = sourcecode.swift; path = AppDelegate.swift; sourceTree = "<group>"; };
		7B11DC692BC58AD40055D423 /* SceneDelegate.swift */ = {isa = PBXFileReference; lastKnownFileType = sourcecode.swift; path = SceneDelegate.swift; sourceTree = "<group>"; };
		7B11DC702BC58AD60055D423 /* Assets.xcassets */ = {isa = PBXFileReference; lastKnownFileType = folder.assetcatalog; path = Assets.xcassets; sourceTree = "<group>"; };
		7B11DC732BC58AD60055D423 /* Base */ = {isa = PBXFileReference; lastKnownFileType = file.storyboard; name = Base; path = Base.lproj/LaunchScreen.storyboard; sourceTree = "<group>"; };
		7B11DC752BC58AD60055D423 /* Info.plist */ = {isa = PBXFileReference; lastKnownFileType = text.plist.xml; path = Info.plist; sourceTree = "<group>"; };
		7B11DC802BC58B740055D423 /* TestViewController.swift */ = {isa = PBXFileReference; lastKnownFileType = sourcecode.swift; path = TestViewController.swift; sourceTree = "<group>"; };
		7B11DC842BC58CB90055D423 /* NetWorkModel.swift */ = {isa = PBXFileReference; lastKnownFileType = sourcecode.swift; path = NetWorkModel.swift; sourceTree = "<group>"; };
		7B11DCA02BC58F620055D423 /* .gitignore */ = {isa = PBXFileReference; lastKnownFileType = text; path = .gitignore; sourceTree = "<group>"; };
		7B11DCA22BC58FB60055D423 /* APIKey.swift */ = {isa = PBXFileReference; lastKnownFileType = sourcecode.swift; path = APIKey.swift; sourceTree = "<group>"; };
		7B11DCA42BC5902A0055D423 /* NetworkRouter.swift */ = {isa = PBXFileReference; lastKnownFileType = sourcecode.swift; path = NetworkRouter.swift; sourceTree = "<group>"; };
		7B11DCA62BC590510055D423 /* NetWorkQuery.swift */ = {isa = PBXFileReference; lastKnownFileType = sourcecode.swift; path = NetWorkQuery.swift; sourceTree = "<group>"; };
		7B11DCAA2BC591070055D423 /* TargetType.swift */ = {isa = PBXFileReference; lastKnownFileType = sourcecode.swift; path = TargetType.swift; sourceTree = "<group>"; };
		7BCF4A272BC5976100BCE635 /* NetHTTPHeader.swift */ = {isa = PBXFileReference; lastKnownFileType = sourcecode.swift; path = NetHTTPHeader.swift; sourceTree = "<group>"; };
/* End PBXFileReference section */

/* Begin PBXFrameworksBuildPhase section */
		7B11DC612BC58AD40055D423 /* Frameworks */ = {
			isa = PBXFrameworksBuildPhase;
			buildActionMask = 2147483647;
			files = (
				7B11DC8D2BC58D250055D423 /* RxRelay in Frameworks */,
				7B11DC9B2BC58DA40055D423 /* IQKeyboardManagerSwift in Frameworks */,
				7B11DC952BC58D390055D423 /* Then in Frameworks */,
				7B11DC8B2BC58D250055D423 /* RxCocoa in Frameworks */,
				7B11DC982BC58D640055D423 /* SnapKit in Frameworks */,
				7B11DC8F2BC58D250055D423 /* RxSwift in Frameworks */,
				7B11DC882BC58CF20055D423 /* Alamofire in Frameworks */,
				7B11DC922BC58D2F0055D423 /* Kingfisher in Frameworks */,
			);
			runOnlyForDeploymentPostprocessing = 0;
		};
/* End PBXFrameworksBuildPhase section */

/* Begin PBXGroup section */
		7B11DC5B2BC58AD40055D423 = {
			isa = PBXGroup;
			children = (
				7B11DCA22BC58FB60055D423 /* APIKey.swift */,
				7B11DCA02BC58F620055D423 /* .gitignore */,
				7B11DC662BC58AD40055D423 /* CategoryZ */,
				7B11DC652BC58AD40055D423 /* Products */,
			);
			sourceTree = "<group>";
		};
		7B11DC652BC58AD40055D423 /* Products */ = {
			isa = PBXGroup;
			children = (
				7B11DC642BC58AD40055D423 /* CategoryZ.app */,
			);
			name = Products;
			sourceTree = "<group>";
		};
		7B11DC662BC58AD40055D423 /* CategoryZ */ = {
			isa = PBXGroup;
			children = (
				7B11DCA82BC590C10055D423 /* Protocol */,
				7B11DC7F2BC58B550055D423 /* Model */,
				7B11DC7E2BC58B4C0055D423 /* Manager */,
				7B11DC7D2BC58B440055D423 /* ViewModel */,
				7B11DC7C2BC58B3A0055D423 /* ViewController */,
				7B11DC7B2BC58B330055D423 /* View */,
				7B11DC672BC58AD40055D423 /* AppDelegate.swift */,
				7B11DC692BC58AD40055D423 /* SceneDelegate.swift */,
				7B11DC702BC58AD60055D423 /* Assets.xcassets */,
				7B11DC722BC58AD60055D423 /* LaunchScreen.storyboard */,
				7B11DC752BC58AD60055D423 /* Info.plist */,
			);
			path = CategoryZ;
			sourceTree = "<group>";
		};
		7B11DC7B2BC58B330055D423 /* View */ = {
			isa = PBXGroup;
			children = (
				7B11DC802BC58B740055D423 /* TestViewController.swift */,
			);
			path = View;
			sourceTree = "<group>";
		};
		7B11DC7C2BC58B3A0055D423 /* ViewController */ = {
			isa = PBXGroup;
			children = (
			);
			path = ViewController;
			sourceTree = "<group>";
		};
		7B11DC7D2BC58B440055D423 /* ViewModel */ = {
			isa = PBXGroup;
			children = (
			);
			path = ViewModel;
			sourceTree = "<group>";
		};
		7B11DC7E2BC58B4C0055D423 /* Manager */ = {
			isa = PBXGroup;
			children = (
				7B11DC822BC58C510055D423 /* Network */,
			);
			path = Manager;
			sourceTree = "<group>";
		};
		7B11DC7F2BC58B550055D423 /* Model */ = {
			isa = PBXGroup;
			children = (
				7B11DC832BC58CAA0055D423 /* Network */,
			);
			path = Model;
			sourceTree = "<group>";
		};
		7B11DC822BC58C510055D423 /* Network */ = {
			isa = PBXGroup;
			children = (
				7B11DCA42BC5902A0055D423 /* NetworkRouter.swift */,
				7BCF4A272BC5976100BCE635 /* NetHTTPHeader.swift */,
			);
			path = Network;
			sourceTree = "<group>";
		};
		7B11DC832BC58CAA0055D423 /* Network */ = {
			isa = PBXGroup;
			children = (
				7B11DC842BC58CB90055D423 /* NetWorkModel.swift */,
				7B11DCA62BC590510055D423 /* NetWorkQuery.swift */,
			);
			path = Network;
			sourceTree = "<group>";
		};
		7B11DCA82BC590C10055D423 /* Protocol */ = {
			isa = PBXGroup;
			children = (
				7B11DCA92BC590FD0055D423 /* Network */,
			);
			path = Protocol;
			sourceTree = "<group>";
		};
		7B11DCA92BC590FD0055D423 /* Network */ = {
			isa = PBXGroup;
			children = (
				7B11DCAA2BC591070055D423 /* TargetType.swift */,
			);
			path = Network;
			sourceTree = "<group>";
		};
/* End PBXGroup section */

/* Begin PBXNativeTarget section */
		7B11DC632BC58AD40055D423 /* CategoryZ */ = {
			isa = PBXNativeTarget;
			buildConfigurationList = 7B11DC782BC58AD60055D423 /* Build configuration list for PBXNativeTarget "CategoryZ" */;
			buildPhases = (
				7B11DC602BC58AD40055D423 /* Sources */,
				7B11DC612BC58AD40055D423 /* Frameworks */,
				7B11DC622BC58AD40055D423 /* Resources */,
			);
			buildRules = (
			);
			dependencies = (
			);
			name = CategoryZ;
			packageProductDependencies = (
				7B11DC872BC58CF20055D423 /* Alamofire */,
				7B11DC8A2BC58D250055D423 /* RxCocoa */,
				7B11DC8C2BC58D250055D423 /* RxRelay */,
				7B11DC8E2BC58D250055D423 /* RxSwift */,
				7B11DC912BC58D2F0055D423 /* Kingfisher */,
				7B11DC942BC58D390055D423 /* Then */,
				7B11DC972BC58D640055D423 /* SnapKit */,
				7B11DC9A2BC58DA40055D423 /* IQKeyboardManagerSwift */,
			);
			productName = CategoryZ;
			productReference = 7B11DC642BC58AD40055D423 /* CategoryZ.app */;
			productType = "com.apple.product-type.application";
		};
/* End PBXNativeTarget section */

/* Begin PBXProject section */
		7B11DC5C2BC58AD40055D423 /* Project object */ = {
			isa = PBXProject;
			attributes = {
				BuildIndependentTargetsInParallel = 1;
				LastSwiftUpdateCheck = 1530;
				LastUpgradeCheck = 1530;
				TargetAttributes = {
					7B11DC632BC58AD40055D423 = {
						CreatedOnToolsVersion = 15.3;
					};
				};
			};
			buildConfigurationList = 7B11DC5F2BC58AD40055D423 /* Build configuration list for PBXProject "CategoryZ" */;
			compatibilityVersion = "Xcode 14.0";
			developmentRegion = en;
			hasScannedForEncodings = 0;
			knownRegions = (
				en,
				Base,
			);
			mainGroup = 7B11DC5B2BC58AD40055D423;
			packageReferences = (
				7B11DC862BC58CF20055D423 /* XCRemoteSwiftPackageReference "Alamofire" */,
				7B11DC892BC58D250055D423 /* XCRemoteSwiftPackageReference "RxSwift" */,
				7B11DC902BC58D2F0055D423 /* XCRemoteSwiftPackageReference "Kingfisher" */,
				7B11DC932BC58D390055D423 /* XCRemoteSwiftPackageReference "Then" */,
				7B11DC962BC58D640055D423 /* XCRemoteSwiftPackageReference "SnapKit" */,
				7B11DC992BC58DA40055D423 /* XCRemoteSwiftPackageReference "IQKeyboardManager" */,
			);
			productRefGroup = 7B11DC652BC58AD40055D423 /* Products */;
			projectDirPath = "";
			projectRoot = "";
			targets = (
				7B11DC632BC58AD40055D423 /* CategoryZ */,
			);
		};
/* End PBXProject section */

/* Begin PBXResourcesBuildPhase section */
		7B11DC622BC58AD40055D423 /* Resources */ = {
			isa = PBXResourcesBuildPhase;
			buildActionMask = 2147483647;
			files = (
				7B11DC712BC58AD60055D423 /* Assets.xcassets in Resources */,
				7B11DCA12BC58F620055D423 /* .gitignore in Resources */,
				7B11DC742BC58AD60055D423 /* Base in Resources */,
			);
			runOnlyForDeploymentPostprocessing = 0;
		};
/* End PBXResourcesBuildPhase section */

/* Begin PBXSourcesBuildPhase section */
		7B11DC602BC58AD40055D423 /* Sources */ = {
			isa = PBXSourcesBuildPhase;
			buildActionMask = 2147483647;
			files = (
				7B11DC852BC58CB90055D423 /* NetWorkModel.swift in Sources */,
				7B11DC682BC58AD40055D423 /* AppDelegate.swift in Sources */,
				7B11DCA72BC590510055D423 /* NetWorkQuery.swift in Sources */,
				7B11DC812BC58B740055D423 /* TestViewController.swift in Sources */,
				7B11DCAB2BC591070055D423 /* TargetType.swift in Sources */,
				7B11DC6A2BC58AD40055D423 /* SceneDelegate.swift in Sources */,
				7B11DCA32BC58FB60055D423 /* APIKey.swift in Sources */,
				7BCF4A282BC5976100BCE635 /* NetHTTPHeader.swift in Sources */,
				7B11DCA52BC5902A0055D423 /* NetworkRouter.swift in Sources */,
			);
			runOnlyForDeploymentPostprocessing = 0;
		};
/* End PBXSourcesBuildPhase section */

/* Begin PBXVariantGroup section */
		7B11DC722BC58AD60055D423 /* LaunchScreen.storyboard */ = {
			isa = PBXVariantGroup;
			children = (
				7B11DC732BC58AD60055D423 /* Base */,
			);
			name = LaunchScreen.storyboard;
			sourceTree = "<group>";
		};
/* End PBXVariantGroup section */

/* Begin XCBuildConfiguration section */
		7B11DC762BC58AD60055D423 /* Debug */ = {
			isa = XCBuildConfiguration;
			buildSettings = {
				ALWAYS_SEARCH_USER_PATHS = NO;
				ASSETCATALOG_COMPILER_GENERATE_SWIFT_ASSET_SYMBOL_EXTENSIONS = YES;
				CLANG_ANALYZER_NONNULL = YES;
				CLANG_ANALYZER_NUMBER_OBJECT_CONVERSION = YES_AGGRESSIVE;
				CLANG_CXX_LANGUAGE_STANDARD = "gnu++20";
				CLANG_ENABLE_MODULES = YES;
				CLANG_ENABLE_OBJC_ARC = YES;
				CLANG_ENABLE_OBJC_WEAK = YES;
				CLANG_WARN_BLOCK_CAPTURE_AUTORELEASING = YES;
				CLANG_WARN_BOOL_CONVERSION = YES;
				CLANG_WARN_COMMA = YES;
				CLANG_WARN_CONSTANT_CONVERSION = YES;
				CLANG_WARN_DEPRECATED_OBJC_IMPLEMENTATIONS = YES;
				CLANG_WARN_DIRECT_OBJC_ISA_USAGE = YES_ERROR;
				CLANG_WARN_DOCUMENTATION_COMMENTS = YES;
				CLANG_WARN_EMPTY_BODY = YES;
				CLANG_WARN_ENUM_CONVERSION = YES;
				CLANG_WARN_INFINITE_RECURSION = YES;
				CLANG_WARN_INT_CONVERSION = YES;
				CLANG_WARN_NON_LITERAL_NULL_CONVERSION = YES;
				CLANG_WARN_OBJC_IMPLICIT_RETAIN_SELF = YES;
				CLANG_WARN_OBJC_LITERAL_CONVERSION = YES;
				CLANG_WARN_OBJC_ROOT_CLASS = YES_ERROR;
				CLANG_WARN_QUOTED_INCLUDE_IN_FRAMEWORK_HEADER = YES;
				CLANG_WARN_RANGE_LOOP_ANALYSIS = YES;
				CLANG_WARN_STRICT_PROTOTYPES = YES;
				CLANG_WARN_SUSPICIOUS_MOVE = YES;
				CLANG_WARN_UNGUARDED_AVAILABILITY = YES_AGGRESSIVE;
				CLANG_WARN_UNREACHABLE_CODE = YES;
				CLANG_WARN__DUPLICATE_METHOD_MATCH = YES;
				COPY_PHASE_STRIP = NO;
				DEBUG_INFORMATION_FORMAT = dwarf;
				ENABLE_STRICT_OBJC_MSGSEND = YES;
				ENABLE_TESTABILITY = YES;
				ENABLE_USER_SCRIPT_SANDBOXING = YES;
				GCC_C_LANGUAGE_STANDARD = gnu17;
				GCC_DYNAMIC_NO_PIC = NO;
				GCC_NO_COMMON_BLOCKS = YES;
				GCC_OPTIMIZATION_LEVEL = 0;
				GCC_PREPROCESSOR_DEFINITIONS = (
					"DEBUG=1",
					"$(inherited)",
				);
				GCC_WARN_64_TO_32_BIT_CONVERSION = YES;
				GCC_WARN_ABOUT_RETURN_TYPE = YES_ERROR;
				GCC_WARN_UNDECLARED_SELECTOR = YES;
				GCC_WARN_UNINITIALIZED_AUTOS = YES_AGGRESSIVE;
				GCC_WARN_UNUSED_FUNCTION = YES;
				GCC_WARN_UNUSED_VARIABLE = YES;
				IPHONEOS_DEPLOYMENT_TARGET = 17.4;
				LOCALIZATION_PREFERS_STRING_CATALOGS = YES;
				MTL_ENABLE_DEBUG_INFO = INCLUDE_SOURCE;
				MTL_FAST_MATH = YES;
				ONLY_ACTIVE_ARCH = YES;
				SDKROOT = iphoneos;
				SWIFT_ACTIVE_COMPILATION_CONDITIONS = "DEBUG $(inherited)";
				SWIFT_OPTIMIZATION_LEVEL = "-Onone";
			};
			name = Debug;
		};
		7B11DC772BC58AD60055D423 /* Release */ = {
			isa = XCBuildConfiguration;
			buildSettings = {
				ALWAYS_SEARCH_USER_PATHS = NO;
				ASSETCATALOG_COMPILER_GENERATE_SWIFT_ASSET_SYMBOL_EXTENSIONS = YES;
				CLANG_ANALYZER_NONNULL = YES;
				CLANG_ANALYZER_NUMBER_OBJECT_CONVERSION = YES_AGGRESSIVE;
				CLANG_CXX_LANGUAGE_STANDARD = "gnu++20";
				CLANG_ENABLE_MODULES = YES;
				CLANG_ENABLE_OBJC_ARC = YES;
				CLANG_ENABLE_OBJC_WEAK = YES;
				CLANG_WARN_BLOCK_CAPTURE_AUTORELEASING = YES;
				CLANG_WARN_BOOL_CONVERSION = YES;
				CLANG_WARN_COMMA = YES;
				CLANG_WARN_CONSTANT_CONVERSION = YES;
				CLANG_WARN_DEPRECATED_OBJC_IMPLEMENTATIONS = YES;
				CLANG_WARN_DIRECT_OBJC_ISA_USAGE = YES_ERROR;
				CLANG_WARN_DOCUMENTATION_COMMENTS = YES;
				CLANG_WARN_EMPTY_BODY = YES;
				CLANG_WARN_ENUM_CONVERSION = YES;
				CLANG_WARN_INFINITE_RECURSION = YES;
				CLANG_WARN_INT_CONVERSION = YES;
				CLANG_WARN_NON_LITERAL_NULL_CONVERSION = YES;
				CLANG_WARN_OBJC_IMPLICIT_RETAIN_SELF = YES;
				CLANG_WARN_OBJC_LITERAL_CONVERSION = YES;
				CLANG_WARN_OBJC_ROOT_CLASS = YES_ERROR;
				CLANG_WARN_QUOTED_INCLUDE_IN_FRAMEWORK_HEADER = YES;
				CLANG_WARN_RANGE_LOOP_ANALYSIS = YES;
				CLANG_WARN_STRICT_PROTOTYPES = YES;
				CLANG_WARN_SUSPICIOUS_MOVE = YES;
				CLANG_WARN_UNGUARDED_AVAILABILITY = YES_AGGRESSIVE;
				CLANG_WARN_UNREACHABLE_CODE = YES;
				CLANG_WARN__DUPLICATE_METHOD_MATCH = YES;
				COPY_PHASE_STRIP = NO;
				DEBUG_INFORMATION_FORMAT = "dwarf-with-dsym";
				ENABLE_NS_ASSERTIONS = NO;
				ENABLE_STRICT_OBJC_MSGSEND = YES;
				ENABLE_USER_SCRIPT_SANDBOXING = YES;
				GCC_C_LANGUAGE_STANDARD = gnu17;
				GCC_NO_COMMON_BLOCKS = YES;
				GCC_WARN_64_TO_32_BIT_CONVERSION = YES;
				GCC_WARN_ABOUT_RETURN_TYPE = YES_ERROR;
				GCC_WARN_UNDECLARED_SELECTOR = YES;
				GCC_WARN_UNINITIALIZED_AUTOS = YES_AGGRESSIVE;
				GCC_WARN_UNUSED_FUNCTION = YES;
				GCC_WARN_UNUSED_VARIABLE = YES;
				IPHONEOS_DEPLOYMENT_TARGET = 17.4;
				LOCALIZATION_PREFERS_STRING_CATALOGS = YES;
				MTL_ENABLE_DEBUG_INFO = NO;
				MTL_FAST_MATH = YES;
				SDKROOT = iphoneos;
				SWIFT_COMPILATION_MODE = wholemodule;
				VALIDATE_PRODUCT = YES;
			};
			name = Release;
		};
		7B11DC792BC58AD60055D423 /* Debug */ = {
			isa = XCBuildConfiguration;
			buildSettings = {
				ASSETCATALOG_COMPILER_APPICON_NAME = AppIcon;
				ASSETCATALOG_COMPILER_GLOBAL_ACCENT_COLOR_NAME = AccentColor;
				CODE_SIGN_STYLE = Automatic;
				CURRENT_PROJECT_VERSION = 1;
				DEVELOPMENT_TEAM = H25F4B7J4U;
				GENERATE_INFOPLIST_FILE = YES;
				INFOPLIST_FILE = CategoryZ/Info.plist;
				INFOPLIST_KEY_UIApplicationSupportsIndirectInputEvents = YES;
				INFOPLIST_KEY_UILaunchStoryboardName = LaunchScreen;
				INFOPLIST_KEY_UISupportedInterfaceOrientations_iPad = "UIInterfaceOrientationPortrait UIInterfaceOrientationPortraitUpsideDown UIInterfaceOrientationLandscapeLeft UIInterfaceOrientationLandscapeRight";
				INFOPLIST_KEY_UISupportedInterfaceOrientations_iPhone = "UIInterfaceOrientationPortrait UIInterfaceOrientationLandscapeLeft UIInterfaceOrientationLandscapeRight";
				IPHONEOS_DEPLOYMENT_TARGET = 17.0;
				LD_RUNPATH_SEARCH_PATHS = (
					"$(inherited)",
					"@executable_path/Frameworks",
				);
				MARKETING_VERSION = 1.0;
				PRODUCT_BUNDLE_IDENTIFIER = com.SilverGun.CategoryZ;
				PRODUCT_NAME = "$(TARGET_NAME)";
				SUPPORTED_PLATFORMS = "iphoneos iphonesimulator";
				SUPPORTS_MACCATALYST = NO;
				SUPPORTS_MAC_DESIGNED_FOR_IPHONE_IPAD = NO;
				SUPPORTS_XR_DESIGNED_FOR_IPHONE_IPAD = NO;
				SWIFT_EMIT_LOC_STRINGS = YES;
				SWIFT_VERSION = 5.0;
				TARGETED_DEVICE_FAMILY = 1;
			};
			name = Debug;
		};
		7B11DC7A2BC58AD60055D423 /* Release */ = {
			isa = XCBuildConfiguration;
			buildSettings = {
				ASSETCATALOG_COMPILER_APPICON_NAME = AppIcon;
				ASSETCATALOG_COMPILER_GLOBAL_ACCENT_COLOR_NAME = AccentColor;
				CODE_SIGN_STYLE = Automatic;
				CURRENT_PROJECT_VERSION = 1;
				DEVELOPMENT_TEAM = H25F4B7J4U;
				GENERATE_INFOPLIST_FILE = YES;
				INFOPLIST_FILE = CategoryZ/Info.plist;
				INFOPLIST_KEY_UIApplicationSupportsIndirectInputEvents = YES;
				INFOPLIST_KEY_UILaunchStoryboardName = LaunchScreen;
				INFOPLIST_KEY_UISupportedInterfaceOrientations_iPad = "UIInterfaceOrientationPortrait UIInterfaceOrientationPortraitUpsideDown UIInterfaceOrientationLandscapeLeft UIInterfaceOrientationLandscapeRight";
				INFOPLIST_KEY_UISupportedInterfaceOrientations_iPhone = "UIInterfaceOrientationPortrait UIInterfaceOrientationLandscapeLeft UIInterfaceOrientationLandscapeRight";
				IPHONEOS_DEPLOYMENT_TARGET = 17.0;
				LD_RUNPATH_SEARCH_PATHS = (
					"$(inherited)",
					"@executable_path/Frameworks",
				);
				MARKETING_VERSION = 1.0;
				PRODUCT_BUNDLE_IDENTIFIER = com.SilverGun.CategoryZ;
				PRODUCT_NAME = "$(TARGET_NAME)";
				SUPPORTED_PLATFORMS = "iphoneos iphonesimulator";
				SUPPORTS_MACCATALYST = NO;
				SUPPORTS_MAC_DESIGNED_FOR_IPHONE_IPAD = NO;
				SUPPORTS_XR_DESIGNED_FOR_IPHONE_IPAD = NO;
				SWIFT_EMIT_LOC_STRINGS = YES;
				SWIFT_VERSION = 5.0;
				TARGETED_DEVICE_FAMILY = 1;
			};
			name = Release;
		};
/* End XCBuildConfiguration section */

/* Begin XCConfigurationList section */
		7B11DC5F2BC58AD40055D423 /* Build configuration list for PBXProject "CategoryZ" */ = {
			isa = XCConfigurationList;
			buildConfigurations = (
				7B11DC762BC58AD60055D423 /* Debug */,
				7B11DC772BC58AD60055D423 /* Release */,
			);
			defaultConfigurationIsVisible = 0;
			defaultConfigurationName = Release;
		};
		7B11DC782BC58AD60055D423 /* Build configuration list for PBXNativeTarget "CategoryZ" */ = {
			isa = XCConfigurationList;
			buildConfigurations = (
				7B11DC792BC58AD60055D423 /* Debug */,
				7B11DC7A2BC58AD60055D423 /* Release */,
			);
			defaultConfigurationIsVisible = 0;
			defaultConfigurationName = Release;
		};
/* End XCConfigurationList section */

/* Begin XCRemoteSwiftPackageReference section */
		7B11DC862BC58CF20055D423 /* XCRemoteSwiftPackageReference "Alamofire" */ = {
			isa = XCRemoteSwiftPackageReference;
			repositoryURL = "https://github.com/Alamofire/Alamofire.git";
			requirement = {
				kind = upToNextMajorVersion;
				minimumVersion = 5.9.1;
			};
		};
		7B11DC892BC58D250055D423 /* XCRemoteSwiftPackageReference "RxSwift" */ = {
			isa = XCRemoteSwiftPackageReference;
			repositoryURL = "https://github.com/ReactiveX/RxSwift";
			requirement = {
				kind = upToNextMajorVersion;
				minimumVersion = 6.6.0;
			};
		};
		7B11DC902BC58D2F0055D423 /* XCRemoteSwiftPackageReference "Kingfisher" */ = {
			isa = XCRemoteSwiftPackageReference;
			repositoryURL = "https://github.com/onevcat/Kingfisher.git";
			requirement = {
				kind = upToNextMajorVersion;
				minimumVersion = 7.11.0;
			};
		};
		7B11DC932BC58D390055D423 /* XCRemoteSwiftPackageReference "Then" */ = {
			isa = XCRemoteSwiftPackageReference;
			repositoryURL = "https://github.com/devxoul/Then";
			requirement = {
				kind = upToNextMajorVersion;
				minimumVersion = 3.0.0;
			};
		};
		7B11DC962BC58D640055D423 /* XCRemoteSwiftPackageReference "SnapKit" */ = {
			isa = XCRemoteSwiftPackageReference;
			repositoryURL = "https://github.com/SnapKit/SnapKit.git";
			requirement = {
				kind = upToNextMajorVersion;
				minimumVersion = 5.7.1;
			};
		};
		7B11DC992BC58DA40055D423 /* XCRemoteSwiftPackageReference "IQKeyboardManager" */ = {
			isa = XCRemoteSwiftPackageReference;
			repositoryURL = "https://github.com/hackiftekhar/IQKeyboardManager.git";
			requirement = {
				kind = upToNextMajorVersion;
				minimumVersion = 7.0.2;
			};
		};
/* End XCRemoteSwiftPackageReference section */

/* Begin XCSwiftPackageProductDependency section */
		7B11DC872BC58CF20055D423 /* Alamofire */ = {
			isa = XCSwiftPackageProductDependency;
			package = 7B11DC862BC58CF20055D423 /* XCRemoteSwiftPackageReference "Alamofire" */;
			productName = Alamofire;
		};
		7B11DC8A2BC58D250055D423 /* RxCocoa */ = {
			isa = XCSwiftPackageProductDependency;
			package = 7B11DC892BC58D250055D423 /* XCRemoteSwiftPackageReference "RxSwift" */;
			productName = RxCocoa;
		};
		7B11DC8C2BC58D250055D423 /* RxRelay */ = {
			isa = XCSwiftPackageProductDependency;
			package = 7B11DC892BC58D250055D423 /* XCRemoteSwiftPackageReference "RxSwift" */;
			productName = RxRelay;
		};
		7B11DC8E2BC58D250055D423 /* RxSwift */ = {
			isa = XCSwiftPackageProductDependency;
			package = 7B11DC892BC58D250055D423 /* XCRemoteSwiftPackageReference "RxSwift" */;
			productName = RxSwift;
		};
		7B11DC912BC58D2F0055D423 /* Kingfisher */ = {
			isa = XCSwiftPackageProductDependency;
			package = 7B11DC902BC58D2F0055D423 /* XCRemoteSwiftPackageReference "Kingfisher" */;
			productName = Kingfisher;
		};
		7B11DC942BC58D390055D423 /* Then */ = {
			isa = XCSwiftPackageProductDependency;
			package = 7B11DC932BC58D390055D423 /* XCRemoteSwiftPackageReference "Then" */;
			productName = Then;
		};
		7B11DC972BC58D640055D423 /* SnapKit */ = {
			isa = XCSwiftPackageProductDependency;
			package = 7B11DC962BC58D640055D423 /* XCRemoteSwiftPackageReference "SnapKit" */;
			productName = SnapKit;
		};
		7B11DC9A2BC58DA40055D423 /* IQKeyboardManagerSwift */ = {
			isa = XCSwiftPackageProductDependency;
			package = 7B11DC992BC58DA40055D423 /* XCRemoteSwiftPackageReference "IQKeyboardManager" */;
			productName = IQKeyboardManagerSwift;
		};
/* End XCSwiftPackageProductDependency section */
	};
	rootObject = 7B11DC5C2BC58AD40055D423 /* Project object */;
}
